// !$*UTF8*$!
{
	archiveVersion = 1;
	classes = {
	};
	objectVersion = 77;
	objects = {

/* Begin PBXBuildFile section */
		CE07131F30519B5500663E4C /* README.md in Resources */ = {isa = PBXBuildFile; fileRef = CE07131E30519B5500663E4C /* README.md */; };
		CE07132030519B5500663E4C /* LICENSE in Resources */ = {isa = PBXBuildFile; fileRef = CE07131D30519B5500663E4C /* LICENSE */; };
		CE71B8413023DD2300E44EFA /* StillColor.swift in Sources */ = {isa = PBXBuildFile; fileRef = CE71B80C3023DD2300E44EFA /* StillColor.swift */; };
		CE71B8423023DD2300E44EFA /* AuthService.swift in Sources */ = {isa = PBXBuildFile; fileRef = CE71B81D3023DD2300E44EFA /* AuthService.swift */; };
		CE71B8433023DD2300E44EFA /* NewMemoryView.swift in Sources */ = {isa = PBXBuildFile; fileRef = CE71B8393023DD2300E44EFA /* NewMemoryView.swift */; };
		CE71B8443023DD2300E44EFA /* MapMemoryItem.swift in Sources */ = {isa = PBXBuildFile; fileRef = CE71B8123023DD2300E44EFA /* MapMemoryItem.swift */; };
		CE71B8453023DD2300E44EFA /* FriendsView.swift in Sources */ = {isa = PBXBuildFile; fileRef = CE71B83B3023DD2300E44EFA /* FriendsView.swift */; };
		CE71B8463023DD2300E44EFA /* SignInView.swift in Sources */ = {isa = PBXBuildFile; fileRef = CE71B82A3023DD2300E44EFA /* SignInView.swift */; };
		CE71B8473023DD2300E44EFA /* LocationService.swift in Sources */ = {isa = PBXBuildFile; fileRef = CE71B81F3023DD2300E44EFA /* LocationService.swift */; };
		CE71B8483023DD2300E44EFA /* MemoryRow.swift in Sources */ = {isa = PBXBuildFile; fileRef = CE71B8383023DD2300E44EFA /* MemoryRow.swift */; };
		CE71B8493023DD2300E44EFA /* StillSpacing.swift in Sources */ = {isa = PBXBuildFile; fileRef = CE71B80F3023DD2300E44EFA /* StillSpacing.swift */; };
		CE71B84A3023DD2300E44EFA /* HomeView.swift in Sources */ = {isa = PBXBuildFile; fileRef = CE71B8313023DD2300E44EFA /* HomeView.swift */; };
		CE71B84B3023DD2300E44EFA /* UserProfile.swift in Sources */ = {isa = PBXBuildFile; fileRef = CE71B8153023DD2300E44EFA /* UserProfile.swift */; };
		CE71B84C3023DD2300E44EFA /* DiscoveryPreviewCard.swift in Sources */ = {isa = PBXBuildFile; fileRef = CE71B8333023DD2300E44EFA /* DiscoveryPreviewCard.swift */; };
		CE71B84D3023DD2300E44EFA /* Card.swift in Sources */ = {isa = PBXBuildFile; fileRef = CE71B8083023DD2300E44EFA /* Card.swift */; };
		CE71B84E3023DD2300E44EFA /* NotificationBell.swift in Sources */ = {isa = PBXBuildFile; fileRef = CE71B8033023DD2300E44EFA /* NotificationBell.swift */; };
		CE71B84F3023DD2300E44EFA /* AuthCoordinator.swift in Sources */ = {isa = PBXBuildFile; fileRef = CE71B8293023DD2300E44EFA /* AuthCoordinator.swift */; };
		CE71B8503023DD2300E44EFA /* CoreLocationService.swift in Sources */ = {isa = PBXBuildFile; fileRef = CE71B81E3023DD2300E44EFA /* CoreLocationService.swift */; };
		CE71B8513023DD2300E44EFA /* AuthViewModel.swift in Sources */ = {isa = PBXBuildFile; fileRef = CE71B8263023DD2300E44EFA /* AuthViewModel.swift */; };
		CE71B8523023DD2300E44EFA /* MemoryRepository.swift in Sources */ = {isa = PBXBuildFile; fileRef = CE71B81A3023DD2300E44EFA /* MemoryRepository.swift */; };
		CE71B8533023DD2300E44EFA /* Friend.swift in Sources */ = {isa = PBXBuildFile; fileRef = CE71B8113023DD2300E44EFA /* Friend.swift */; };
		CE71B8543023DD2300E44EFA /* NearbyMemoryView.swift in Sources */ = {isa = PBXBuildFile; fileRef = CE71B82F3023DD2300E44EFA /* NearbyMemoryView.swift */; };
		CE71B8553023DD2300E44EFA /* StillFont.swift in Sources */ = {isa = PBXBuildFile; fileRef = CE71B80E3023DD2300E44EFA /* StillFont.swift */; };
		CE71B8563023DD2300E44EFA /* IconAvatar.swift in Sources */ = {isa = PBXBuildFile; fileRef = CE71B80A3023DD2300E44EFA /* IconAvatar.swift */; };
		CE71B8573023DD2300E44EFA /* ConfirmationPopup.swift in Sources */ = {isa = PBXBuildFile; fileRef = CE71B8093023DD2300E44EFA /* ConfirmationPopup.swift */; };
		CE71B8583023DD2300E44EFA /* HomeViewModel.swift in Sources */ = {isa = PBXBuildFile; fileRef = CE71B8273023DD2300E44EFA /* HomeViewModel.swift */; };
		CE71B8593023DD2300E44EFA /* Memory.swift in Sources */ = {isa = PBXBuildFile; fileRef = CE71B8133023DD2300E44EFA /* Memory.swift */; };
		CE71B85A3023DD2300E44EFA /* MockAuthService.swift in Sources */ = {isa = PBXBuildFile; fileRef = CE71B8203023DD2300E44EFA /* MockAuthService.swift */; };
		CE71B85B3023DD2300E44EFA /* PrimaryButton.swift in Sources */ = {isa = PBXBuildFile; fileRef = CE71B80B3023DD2300E44EFA /* PrimaryButton.swift */; };
		CE71B85C3023DD2300E44EFA /* SupabaseConfig.swift in Sources */ = {isa = PBXBuildFile; fileRef = CE71B8053023DD2300E44EFA /* SupabaseConfig.swift */; };
		CE71B85D3023DD2300E44EFA /* StillApp.swift in Sources */ = {isa = PBXBuildFile; fileRef = CE71B8233023DD2300E44EFA /* StillApp.swift */; };
		CE71B85E3023DD2300E44EFA /* MemoryPreviewSheet.swift in Sources */ = {isa = PBXBuildFile; fileRef = CE71B8353023DD2300E44EFA /* MemoryPreviewSheet.swift */; };
		CE71B85F3023DD2300E44EFA /* MapView.swift in Sources */ = {isa = PBXBuildFile; fileRef = CE71B8343023DD2300E44EFA /* MapView.swift */; };
		CE71B8603023DD2300E44EFA /* DiscoverView.swift in Sources */ = {isa = PBXBuildFile; fileRef = CE71B82E3023DD2300E44EFA /* DiscoverView.swift */; };
		CE71B8613023DD2300E44EFA /* BottomTabBar.swift in Sources */ = {isa = PBXBuildFile; fileRef = CE71B8073023DD2300E44EFA /* BottomTabBar.swift */; };
		CE71B8623023DD2300E44EFA /* LocalMemoryRepository.swift in Sources */ = {isa = PBXBuildFile; fileRef = CE71B8193023DD2300E44EFA /* LocalMemoryRepository.swift */; };
		CE71B8633023DD2300E44EFA /* EnvironmentValues+MemoryRepository.swift in Sources */ = {isa = PBXBuildFile; fileRef = CE71B8183023DD2300E44EFA /* EnvironmentValues+MemoryRepository.swift */; };
		CE71B8643023DD2300E44EFA /* SupabaseAuthService.swift in Sources */ = {isa = PBXBuildFile; fileRef = CE71B8213023DD2300E44EFA /* SupabaseAuthService.swift */; };
		CE71B8653023DD2300E44EFA /* MemoryDetailView.swift in Sources */ = {isa = PBXBuildFile; fileRef = CE71B8373023DD2300E44EFA /* MemoryDetailView.swift */; };
		CE71B8663023DD2300E44EFA /* RootView.swift in Sources */ = {isa = PBXBuildFile; fileRef = CE71B83E3023DD2300E44EFA /* RootView.swift */; };
		CE71B8673023DD2300E44EFA /* MemoryOrigin.swift in Sources */ = {isa = PBXBuildFile; fileRef = CE71B8143023DD2300E44EFA /* MemoryOrigin.swift */; };
		CE71B8683023DD2300E44EFA /* ProfileView.swift in Sources */ = {isa = PBXBuildFile; fileRef = CE71B83C3023DD2300E44EFA /* ProfileView.swift */; };
		CE71B8693023DD2300E44EFA /* StillColor+Origin.swift in Sources */ = {isa = PBXBuildFile; fileRef = CE71B80D3023DD2300E44EFA /* StillColor+Origin.swift */; };
		CE71B86A3023DD2300E44EFA /* SupabaseMemoryRepository.swift in Sources */ = {isa = PBXBuildFile; fileRef = CE71B81B3023DD2300E44EFA /* SupabaseMemoryRepository.swift */; };
		CE71B86B3023DD2300E44EFA /* BookmarksView.swift in Sources */ = {isa = PBXBuildFile; fileRef = CE71B82C3023DD2300E44EFA /* BookmarksView.swift */; };
		CE71B86C3023DD2300E44EFA /* schema.sql in Resources */ = {isa = PBXBuildFile; fileRef = CE71B8243023DD2300E44EFA /* schema.sql */; };
		CEA501FD3020937F00A6C470 /* Assets.xcassets in Resources */ = {isa = PBXBuildFile; fileRef = CEA501FC3020937F00A6C470 /* Assets.xcassets */; };
		CEEF23B23021EC2200D75C86 /* Supabase in Frameworks */ = {isa = PBXBuildFile; productRef = CEEF23B13021EC2200D75C86 /* Supabase */; };
/* End PBXBuildFile section */

/* Begin PBXFileReference section */
		CE07131D30519B5500663E4C /* LICENSE */ = {isa = PBXFileReference; lastKnownFileType = text; path = LICENSE; sourceTree = "<group>"; };
		CE07131E30519B5500663E4C /* README.md */ = {isa = PBXFileReference; lastKnownFileType = net.daringfireball.markdown; path = README.md; sourceTree = "<group>"; };
		CE71B8033023DD2300E44EFA /* NotificationBell.swift */ = {isa = PBXFileReference; lastKnownFileType = sourcecode.swift; path = NotificationBell.swift; sourceTree = "<group>"; };
		CE71B8053023DD2300E44EFA /* SupabaseConfig.swift */ = {isa = PBXFileReference; lastKnownFileType = sourcecode.swift; path = SupabaseConfig.swift; sourceTree = "<group>"; };
		CE71B8073023DD2300E44EFA /* BottomTabBar.swift */ = {isa = PBXFileReference; lastKnownFileType = sourcecode.swift; path = BottomTabBar.swift; sourceTree = "<group>"; };
		CE71B8083023DD2300E44EFA /* Card.swift */ = {isa = PBXFileReference; lastKnownFileType = sourcecode.swift; path = Card.swift; sourceTree = "<group>"; };
		CE71B8093023DD2300E44EFA /* ConfirmationPopup.swift */ = {isa = PBXFileReference; lastKnownFileType = sourcecode.swift; path = ConfirmationPopup.swift; sourceTree = "<group>"; };
		CE71B80A3023DD2300E44EFA /* IconAvatar.swift */ = {isa = PBXFileReference; lastKnownFileType = sourcecode.swift; path = IconAvatar.swift; sourceTree = "<group>"; };
		CE71B80B3023DD2300E44EFA /* PrimaryButton.swift */ = {isa = PBXFileReference; lastKnownFileType = sourcecode.swift; path = PrimaryButton.swift; sourceTree = "<group>"; };
		CE71B80C3023DD2300E44EFA /* StillColor.swift */ = {isa = PBXFileReference; lastKnownFileType = sourcecode.swift; path = StillColor.swift; sourceTree = "<group>"; };
		CE71B80D3023DD2300E44EFA /* StillColor+Origin.swift */ = {isa = PBXFileReference; lastKnownFileType = sourcecode.swift; path = "StillColor+Origin.swift"; sourceTree = "<group>"; };
		CE71B80E3023DD2300E44EFA /* StillFont.swift */ = {isa = PBXFileReference; lastKnownFileType = sourcecode.swift; path = StillFont.swift; sourceTree = "<group>"; };
		CE71B80F3023DD2300E44EFA /* StillSpacing.swift */ = {isa = PBXFileReference; lastKnownFileType = sourcecode.swift; path = StillSpacing.swift; sourceTree = "<group>"; };
		CE71B8113023DD2300E44EFA /* Friend.swift */ = {isa = PBXFileReference; lastKnownFileType = sourcecode.swift; path = Friend.swift; sourceTree = "<group>"; };
		CE71B8123023DD2300E44EFA /* MapMemoryItem.swift */ = {isa = PBXFileReference; lastKnownFileType = sourcecode.swift; path = MapMemoryItem.swift; sourceTree = "<group>"; };
		CE71B8133023DD2300E44EFA /* Memory.swift */ = {isa = PBXFileReference; lastKnownFileType = sourcecode.swift; path = Memory.swift; sourceTree = "<group>"; };
		CE71B8143023DD2300E44EFA /* MemoryOrigin.swift */ = {isa = PBXFileReference; lastKnownFileType = sourcecode.swift; path = MemoryOrigin.swift; sourceTree = "<group>"; };
		CE71B8153023DD2300E44EFA /* UserProfile.swift */ = {isa = PBXFileReference; lastKnownFileType = sourcecode.swift; path = UserProfile.swift; sourceTree = "<group>"; };
		CE71B8183023DD2300E44EFA /* EnvironmentValues+MemoryRepository.swift */ = {isa = PBXFileReference; lastKnownFileType = sourcecode.swift; path = "EnvironmentValues+MemoryRepository.swift"; sourceTree = "<group>"; };
		CE71B8193023DD2300E44EFA /* LocalMemoryRepository.swift */ = {isa = PBXFileReference; lastKnownFileType = sourcecode.swift; path = LocalMemoryRepository.swift; sourceTree = "<group>"; };
		CE71B81A3023DD2300E44EFA /* MemoryRepository.swift */ = {isa = PBXFileReference; lastKnownFileType = sourcecode.swift; path = MemoryRepository.swift; sourceTree = "<group>"; };
		CE71B81B3023DD2300E44EFA /* SupabaseMemoryRepository.swift */ = {isa = PBXFileReference; lastKnownFileType = sourcecode.swift; path = SupabaseMemoryRepository.swift; sourceTree = "<group>"; };
		CE71B81D3023DD2300E44EFA /* AuthService.swift */ = {isa = PBXFileReference; lastKnownFileType = sourcecode.swift; path = AuthService.swift; sourceTree = "<group>"; };
		CE71B81E3023DD2300E44EFA /* CoreLocationService.swift */ = {isa = PBXFileReference; lastKnownFileType = sourcecode.swift; path = CoreLocationService.swift; sourceTree = "<group>"; };
		CE71B81F3023DD2300E44EFA /* LocationService.swift */ = {isa = PBXFileReference; lastKnownFileType = sourcecode.swift; path = LocationService.swift; sourceTree = "<group>"; };
		CE71B8203023DD2300E44EFA /* MockAuthService.swift */ = {isa = PBXFileReference; lastKnownFileType = sourcecode.swift; path = MockAuthService.swift; sourceTree = "<group>"; };
		CE71B8213023DD2300E44EFA /* SupabaseAuthService.swift */ = {isa = PBXFileReference; lastKnownFileType = sourcecode.swift; path = SupabaseAuthService.swift; sourceTree = "<group>"; };
		CE71B8233023DD2300E44EFA /* StillApp.swift */ = {isa = PBXFileReference; lastKnownFileType = sourcecode.swift; path = StillApp.swift; sourceTree = "<group>"; };
		CE71B8243023DD2300E44EFA /* schema.sql */ = {isa = PBXFileReference; lastKnownFileType = text; path = schema.sql; sourceTree = "<group>"; };
		CE71B8263023DD2300E44EFA /* AuthViewModel.swift */ = {isa = PBXFileReference; lastKnownFileType = sourcecode.swift; path = AuthViewModel.swift; sourceTree = "<group>"; };
		CE71B8273023DD2300E44EFA /* HomeViewModel.swift */ = {isa = PBXFileReference; lastKnownFileType = sourcecode.swift; path = HomeViewModel.swift; sourceTree = "<group>"; };
		CE71B8293023DD2300E44EFA /* AuthCoordinator.swift */ = {isa = PBXFileReference; lastKnownFileType = sourcecode.swift; path = AuthCoordinator.swift; sourceTree = "<group>"; };
		CE71B82A3023DD2300E44EFA /* SignInView.swift */ = {isa = PBXFileReference; lastKnownFileType = sourcecode.swift; path = SignInView.swift; sourceTree = "<group>"; };
		CE71B82C3023DD2300E44EFA /* BookmarksView.swift */ = {isa = PBXFileReference; lastKnownFileType = sourcecode.swift; path = BookmarksView.swift; sourceTree = "<group>"; };
		CE71B82E3023DD2300E44EFA /* DiscoverView.swift */ = {isa = PBXFileReference; lastKnownFileType = sourcecode.swift; path = DiscoverView.swift; sourceTree = "<group>"; };
		CE71B82F3023DD2300E44EFA /* NearbyMemoryView.swift */ = {isa = PBXFileReference; lastKnownFileType = sourcecode.swift; path = NearbyMemoryView.swift; sourceTree = "<group>"; };
		CE71B8313023DD2300E44EFA /* HomeView.swift */ = {isa = PBXFileReference; lastKnownFileType = sourcecode.swift; path = HomeView.swift; sourceTree = "<group>"; };
		CE71B8333023DD2300E44EFA /* DiscoveryPreviewCard.swift */ = {isa = PBXFileReference; lastKnownFileType = sourcecode.swift; path = DiscoveryPreviewCard.swift; sourceTree = "<group>"; };
		CE71B8343023DD2300E44EFA /* MapView.swift */ = {isa = PBXFileReference; lastKnownFileType = sourcecode.swift; path = MapView.swift; sourceTree = "<group>"; };
		CE71B8353023DD2300E44EFA /* MemoryPreviewSheet.swift */ = {isa = PBXFileReference; lastKnownFileType = sourcecode.swift; path = MemoryPreviewSheet.swift; sourceTree = "<group>"; };
		CE71B8373023DD2300E44EFA /* MemoryDetailView.swift */ = {isa = PBXFileReference; lastKnownFileType = sourcecode.swift; path = MemoryDetailView.swift; sourceTree = "<group>"; };
		CE71B8383023DD2300E44EFA /* MemoryRow.swift */ = {isa = PBXFileReference; lastKnownFileType = sourcecode.swift; path = MemoryRow.swift; sourceTree = "<group>"; };
		CE71B8393023DD2300E44EFA /* NewMemoryView.swift */ = {isa = PBXFileReference; lastKnownFileType = sourcecode.swift; path = NewMemoryView.swift; sourceTree = "<group>"; };
		CE71B83B3023DD2300E44EFA /* FriendsView.swift */ = {isa = PBXFileReference; lastKnownFileType = sourcecode.swift; path = FriendsView.swift; sourceTree = "<group>"; };
		CE71B83C3023DD2300E44EFA /* ProfileView.swift */ = {isa = PBXFileReference; lastKnownFileType = sourcecode.swift; path = ProfileView.swift; sourceTree = "<group>"; };
		CE71B83E3023DD2300E44EFA /* RootView.swift */ = {isa = PBXFileReference; lastKnownFileType = sourcecode.swift; path = RootView.swift; sourceTree = "<group>"; };
		CEA501FC3020937F00A6C470 /* Assets.xcassets */ = {isa = PBXFileReference; lastKnownFileType = folder.assetcatalog; path = Assets.xcassets; sourceTree = "<group>"; };
		CEEF23433021EB7900D75C86 /* Still.app */ = {isa = PBXFileReference; explicitFileType = wrapper.application; includeInIndex = 0; path = Still.app; sourceTree = BUILT_PRODUCTS_DIR; };
		CEEF24FE3022024300D75C86 /* Info.plist */ = {isa = PBXFileReference; lastKnownFileType = text.plist.xml; path = Info.plist; sourceTree = "<group>"; };
/* End PBXFileReference section */

/* Begin PBXFrameworksBuildPhase section */
		CE484A2C301DEBBB00BE987B /* Frameworks */ = {
			isa = PBXFrameworksBuildPhase;
			buildActionMask = 2147483647;
			files = (
				CEEF23B23021EC2200D75C86 /* Supabase in Frameworks */,
			);
			runOnlyForDeploymentPostprocessing = 0;
		};
/* End PBXFrameworksBuildPhase section */

/* Begin PBXGroup section */
		CE484A26301DEBBB00BE987B = {
			isa = PBXGroup;
			children = (
				CEA501FC3020937F00A6C470 /* Assets.xcassets */,
				CEEF23433021EB7900D75C86 /* Still.app */,
				CEEF24CE3021FF4700D75C86 /* Still */,
				CE07131D30519B5500663E4C /* LICENSE */,
				CE07131E30519B5500663E4C /* README.md */,
			);
			sourceTree = "<group>";
		};
		CE71B8043023DD2300E44EFA /* Components */ = {
			isa = PBXGroup;
			children = (
				CE71B8033023DD2300E44EFA /* NotificationBell.swift */,
			);
			path = Components;
			sourceTree = "<group>";
		};
		CE71B8063023DD2300E44EFA /* Config */ = {
			isa = PBXGroup;
			children = (
				CE71B8053023DD2300E44EFA /* SupabaseConfig.swift */,
			);
			path = Config;
			sourceTree = "<group>";
		};
		CE71B8103023DD2300E44EFA /* DesignSystem */ = {
			isa = PBXGroup;
			children = (
				CE71B8073023DD2300E44EFA /* BottomTabBar.swift */,
				CE71B8083023DD2300E44EFA /* Card.swift */,
				CE71B8093023DD2300E44EFA /* ConfirmationPopup.swift */,
				CE71B80A3023DD2300E44EFA /* IconAvatar.swift */,
				CE71B80B3023DD2300E44EFA /* PrimaryButton.swift */,
				CE71B80C3023DD2300E44EFA /* StillColor.swift */,
				CE71B80D3023DD2300E44EFA /* StillColor+Origin.swift */,
				CE71B80E3023DD2300E44EFA /* StillFont.swift */,
				CE71B80F3023DD2300E44EFA /* StillSpacing.swift */,
			);
			path = DesignSystem;
			sourceTree = "<group>";
		};
		CE71B8163023DD2300E44EFA /* Models */ = {
			isa = PBXGroup;
			children = (
				CE71B8113023DD2300E44EFA /* Friend.swift */,
				CE71B8123023DD2300E44EFA /* MapMemoryItem.swift */,
				CE71B8133023DD2300E44EFA /* Memory.swift */,
				CE71B8143023DD2300E44EFA /* MemoryOrigin.swift */,
				CE71B8153023DD2300E44EFA /* UserProfile.swift */,
			);
			path = Models;
			sourceTree = "<group>";
		};
		CE71B81C3023DD2300E44EFA /* Repositories */ = {
			isa = PBXGroup;
			children = (
				CE71B8183023DD2300E44EFA /* EnvironmentValues+MemoryRepository.swift */,
				CE71B8193023DD2300E44EFA /* LocalMemoryRepository.swift */,
				CE71B81A3023DD2300E44EFA /* MemoryRepository.swift */,
				CE71B81B3023DD2300E44EFA /* SupabaseMemoryRepository.swift */,
			);
			path = Repositories;
			sourceTree = "<group>";
		};
		CE71B8223023DD2300E44EFA /* Services */ = {
			isa = PBXGroup;
			children = (
				CE71B81D3023DD2300E44EFA /* AuthService.swift */,
				CE71B81E3023DD2300E44EFA /* CoreLocationService.swift */,
				CE71B81F3023DD2300E44EFA /* LocationService.swift */,
				CE71B8203023DD2300E44EFA /* MockAuthService.swift */,
				CE71B8213023DD2300E44EFA /* SupabaseAuthService.swift */,
			);
			path = Services;
			sourceTree = "<group>";
		};
		CE71B8253023DD2300E44EFA /* supabase */ = {
			isa = PBXGroup;
			children = (
				CE71B8243023DD2300E44EFA /* schema.sql */,
			);
			path = supabase;
			sourceTree = "<group>";
		};
		CE71B8283023DD2300E44EFA /* ViewModels */ = {
			isa = PBXGroup;
			children = (
				CE71B8263023DD2300E44EFA /* AuthViewModel.swift */,
				CE71B8273023DD2300E44EFA /* HomeViewModel.swift */,
			);
			path = ViewModels;
			sourceTree = "<group>";
		};
		CE71B82B3023DD2300E44EFA /* Auth */ = {
			isa = PBXGroup;
			children = (
				CE71B8293023DD2300E44EFA /* AuthCoordinator.swift */,
				CE71B82A3023DD2300E44EFA /* SignInView.swift */,
			);
			path = Auth;
			sourceTree = "<group>";
		};
		CE71B82D3023DD2300E44EFA /* Bookmarks */ = {
			isa = PBXGroup;
			children = (
				CE71B82C3023DD2300E44EFA /* BookmarksView.swift */,
			);
			path = Bookmarks;
			sourceTree = "<group>";
		};
		CE71B8303023DD2300E44EFA /* Discover */ = {
			isa = PBXGroup;
			children = (
				CE71B82E3023DD2300E44EFA /* DiscoverView.swift */,
				CE71B82F3023DD2300E44EFA /* NearbyMemoryView.swift */,
			);
			path = Discover;
			sourceTree = "<group>";
		};
		CE71B8323023DD2300E44EFA /* Home */ = {
			isa = PBXGroup;
			children = (
				CE71B8313023DD2300E44EFA /* HomeView.swift */,
			);
			path = Home;
			sourceTree = "<group>";
		};
		CE71B8363023DD2300E44EFA /* Map */ = {
			isa = PBXGroup;
			children = (
				CE71B8333023DD2300E44EFA /* DiscoveryPreviewCard.swift */,
				CE71B8343023DD2300E44EFA /* MapView.swift */,
				CE71B8353023DD2300E44EFA /* MemoryPreviewSheet.swift */,
			);
			path = Map;
			sourceTree = "<group>";
		};
		CE71B83A3023DD2300E44EFA /* Memory */ = {
			isa = PBXGroup;
			children = (
				CE71B8373023DD2300E44EFA /* MemoryDetailView.swift */,
				CE71B8383023DD2300E44EFA /* MemoryRow.swift */,
				CE71B8393023DD2300E44EFA /* NewMemoryView.swift */,
			);
			path = Memory;
			sourceTree = "<group>";
		};
		CE71B83D3023DD2300E44EFA /* Profile */ = {
			isa = PBXGroup;
			children = (
				CE71B83B3023DD2300E44EFA /* FriendsView.swift */,
				CE71B83C3023DD2300E44EFA /* ProfileView.swift */,
			);
			path = Profile;
			sourceTree = "<group>";
		};
		CE71B83F3023DD2300E44EFA /* Root */ = {
			isa = PBXGroup;
			children = (
				CE71B83E3023DD2300E44EFA /* RootView.swift */,
			);
			path = Root;
			sourceTree = "<group>";
		};
		CE71B8403023DD2300E44EFA /* Views */ = {
			isa = PBXGroup;
			children = (
				CE71B82B3023DD2300E44EFA /* Auth */,
				CE71B82D3023DD2300E44EFA /* Bookmarks */,
				CE71B8303023DD2300E44EFA /* Discover */,
				CE71B8323023DD2300E44EFA /* Home */,
				CE71B8363023DD2300E44EFA /* Map */,
				CE71B83A3023DD2300E44EFA /* Memory */,
				CE71B83D3023DD2300E44EFA /* Profile */,
				CE71B83F3023DD2300E44EFA /* Root */,
			);
			path = Views;
			sourceTree = "<group>";
		};
		CEEF24CE3021FF4700D75C86 /* Still */ = {
			isa = PBXGroup;
			children = (
				CEEF24FE3022024300D75C86 /* Info.plist */,
				CE71B8043023DD2300E44EFA /* Components */,
				CE71B8063023DD2300E44EFA /* Config */,
				CE71B8103023DD2300E44EFA /* DesignSystem */,
				CE71B8163023DD2300E44EFA /* Models */,
				CE71B81C3023DD2300E44EFA /* Repositories */,
				CE71B8223023DD2300E44EFA /* Services */,
				CE71B8233023DD2300E44EFA /* StillApp.swift */,
				CE71B8253023DD2300E44EFA /* supabase */,
				CE71B8283023DD2300E44EFA /* ViewModels */,
				CE71B8403023DD2300E44EFA /* Views */,
			);
			path = Still;
			sourceTree = "<group>";
		};
/* End PBXGroup section */

/* Begin PBXNativeTarget section */
		CE484A2E301DEBBB00BE987B /* Still */ = {
			isa = PBXNativeTarget;
			buildConfigurationList = CE484A3A301DEBBC00BE987B /* Build configuration list for PBXNativeTarget "Still" */;
			buildPhases = (
				CE484A2B301DEBBB00BE987B /* Sources */,
				CE484A2C301DEBBB00BE987B /* Frameworks */,
				CE484A2D301DEBBB00BE987B /* Resources */,
			);
			buildRules = (
			);
			dependencies = (
			);
			name = Still;
			packageProductDependencies = (
				CEEF23B13021EC2200D75C86 /* Supabase */,
			);
			productName = still;
			productReference = CEEF23433021EB7900D75C86 /* Still.app */;
			productType = "com.apple.product-type.application";
		};
/* End PBXNativeTarget section */

/* Begin PBXProject section */
		CE484A27301DEBBB00BE987B /* Project object */ = {
			isa = PBXProject;
			attributes = {
				BuildIndependentTargetsInParallel = 1;
				LastSwiftUpdateCheck = 2600;
				LastUpgradeCheck = 2600;
				TargetAttributes = {
					CE484A2E301DEBBB00BE987B = {
						CreatedOnToolsVersion = 26.0.1;
					};
				};
			};
			buildConfigurationList = CE484A2A301DEBBB00BE987B /* Build configuration list for PBXProject "Still" */;
			developmentRegion = en;
			hasScannedForEncodings = 0;
			knownRegions = (
				en,
				Base,
			);
			mainGroup = CE484A26301DEBBB00BE987B;
			minimizedProjectReferenceProxies = 1;
			packageReferences = (
				CEEF23B03021EC2200D75C86 /* XCRemoteSwiftPackageReference "supabase-swift" */,
			);
			preferredProjectObjectVersion = 77;
			productRefGroup = CE484A26301DEBBB00BE987B;
			projectDirPath = "";
			projectRoot = "";
			targets = (
				CE484A2E301DEBBB00BE987B /* Still */,
			);
		};
/* End PBXProject section */

/* Begin PBXResourcesBuildPhase section */
		CE484A2D301DEBBB00BE987B /* Resources */ = {
			isa = PBXResourcesBuildPhase;
			buildActionMask = 2147483647;
			files = (
				CE07131F30519B5500663E4C /* README.md in Resources */,
				CE07132030519B5500663E4C /* LICENSE in Resources */,
				CEA501FD3020937F00A6C470 /* Assets.xcassets in Resources */,
				CE71B86C3023DD2300E44EFA /* schema.sql in Resources */,
			);
			runOnlyForDeploymentPostprocessing = 0;
		};
/* End PBXResourcesBuildPhase section */

/* Begin PBXSourcesBuildPhase section */
		CE484A2B301DEBBB00BE987B /* Sources */ = {
			isa = PBXSourcesBuildPhase;
			buildActionMask = 2147483647;
			files = (
				CE71B8413023DD2300E44EFA /* StillColor.swift in Sources */,
				CE71B8423023DD2300E44EFA /* AuthService.swift in Sources */,
				CE71B8433023DD2300E44EFA /* NewMemoryView.swift in Sources */,
				CE71B8443023DD2300E44EFA /* MapMemoryItem.swift in Sources */,
				CE71B8453023DD2300E44EFA /* FriendsView.swift in Sources */,
				CE71B8463023DD2300E44EFA /* SignInView.swift in Sources */,
				CE71B8473023DD2300E44EFA /* LocationService.swift in Sources */,
				CE71B8483023DD2300E44EFA /* MemoryRow.swift in Sources */,
				CE71B8493023DD2300E44EFA /* StillSpacing.swift in Sources */,
				CE71B84A3023DD2300E44EFA /* HomeView.swift in Sources */,
				CE71B84B3023DD2300E44EFA /* UserProfile.swift in Sources */,
				CE71B84C3023DD2300E44EFA /* DiscoveryPreviewCard.swift in Sources */,
				CE71B84D3023DD2300E44EFA /* Card.swift in Sources */,
				CE71B84E3023DD2300E44EFA /* NotificationBell.swift in Sources */,
				CE71B84F3023DD2300E44EFA /* AuthCoordinator.swift in Sources */,
				CE71B8503023DD2300E44EFA /* CoreLocationService.swift in Sources */,
				CE71B8513023DD2300E44EFA /* AuthViewModel.swift in Sources */,
				CE71B8523023DD2300E44EFA /* MemoryRepository.swift in Sources */,
				CE71B8533023DD2300E44EFA /* Friend.swift in Sources */,
				CE71B8543023DD2300E44EFA /* NearbyMemoryView.swift in Sources */,
				CE71B8553023DD2300E44EFA /* StillFont.swift in Sources */,
				CE71B8563023DD2300E44EFA /* IconAvatar.swift in Sources */,
				CE71B8573023DD2300E44EFA /* ConfirmationPopup.swift in Sources */,
				CE71B8583023DD2300E44EFA /* HomeViewModel.swift in Sources */,
				CE71B8593023DD2300E44EFA /* Memory.swift in Sources */,
				CE71B85A3023DD2300E44EFA /* MockAuthService.swift in Sources */,
				CE71B85B3023DD2300E44EFA /* PrimaryButton.swift in Sources */,
				CE71B85C3023DD2300E44EFA /* SupabaseConfig.swift in Sources */,
				CE71B85D3023DD2300E44EFA /* StillApp.swift in Sources */,
				CE71B85E3023DD2300E44EFA /* MemoryPreviewSheet.swift in Sources */,
				CE71B85F3023DD2300E44EFA /* MapView.swift in Sources */,
				CE71B8603023DD2300E44EFA /* DiscoverView.swift in Sources */,
				CE71B8613023DD2300E44EFA /* BottomTabBar.swift in Sources */,
				CE71B8623023DD2300E44EFA /* LocalMemoryRepository.swift in Sources */,
				CE71B8633023DD2300E44EFA /* EnvironmentValues+MemoryRepository.swift in Sources */,
				CE71B8643023DD2300E44EFA /* SupabaseAuthService.swift in Sources */,
				CE71B8653023DD2300E44EFA /* MemoryDetailView.swift in Sources */,
				CE71B8663023DD2300E44EFA /* RootView.swift in Sources */,
				CE71B8673023DD2300E44EFA /* MemoryOrigin.swift in Sources */,
				CE71B8683023DD2300E44EFA /* ProfileView.swift in Sources */,
				CE71B8693023DD2300E44EFA /* StillColor+Origin.swift in Sources */,
				CE71B86A3023DD2300E44EFA /* SupabaseMemoryRepository.swift in Sources */,
				CE71B86B3023DD2300E44EFA /* BookmarksView.swift in Sources */,
			);
			runOnlyForDeploymentPostprocessing = 0;
		};
/* End PBXSourcesBuildPhase section */

/* Begin XCBuildConfiguration section */
		CE484A38301DEBBC00BE987B /* Debug */ = {
			isa = XCBuildConfiguration;
			buildSettings = {
				ALWAYS_SEARCH_USER_PATHS = NO;
				ASSETCATALOG_COMPILER_GENERATE_SWIFT_ASSET_SYMBOL_EXTENSIONS = YES;
				CLANG_ANALYZER_NONNULL = YES;
				CLANG_ANALYZER_NUMBER_OBJECT_CONVERSION = YES_AGGRESSIVE;
				CLANG_CXX_LANGUAGE_STANDARD = "gnu++20";
				CLANG_ENABLE_MODULES = YES;
				CLANG_ENABLE_OBJC_ARC = YES;
				CLANG_ENABLE_OBJC_WEAK = YES;
				CLANG_WARN_BLOCK_CAPTURE_AUTORELEASING = YES;
				CLANG_WARN_BOOL_CONVERSION = YES;
				CLANG_WARN_COMMA = YES;
				CLANG_WARN_CONSTANT_CONVERSION = YES;
				CLANG_WARN_DEPRECATED_OBJC_IMPLEMENTATIONS = YES;
				CLANG_WARN_DIRECT_OBJC_ISA_USAGE = YES_ERROR;
				CLANG_WARN_DOCUMENTATION_COMMENTS = YES;
				CLANG_WARN_EMPTY_BODY = YES;
				CLANG_WARN_ENUM_CONVERSION = YES;
				CLANG_WARN_INFINITE_RECURSION = YES;
				CLANG_WARN_INT_CONVERSION = YES;
				CLANG_WARN_NON_LITERAL_NULL_CONVERSION = YES;
				CLANG_WARN_OBJC_IMPLICIT_RETAIN_SELF = YES;
				CLANG_WARN_OBJC_LITERAL_CONVERSION = YES;
				CLANG_WARN_OBJC_ROOT_CLASS = YES_ERROR;
				CLANG_WARN_QUOTED_INCLUDE_IN_FRAMEWORK_HEADER = YES;
				CLANG_WARN_RANGE_LOOP_ANALYSIS = YES;
				CLANG_WARN_STRICT_PROTOTYPES = YES;
				CLANG_WARN_SUSPICIOUS_MOVE = YES;
				CLANG_WARN_UNGUARDED_AVAILABILITY = YES_AGGRESSIVE;
				CLANG_WARN_UNREACHABLE_CODE = YES;
				CLANG_WARN__DUPLICATE_METHOD_MATCH = YES;
				COPY_PHASE_STRIP = NO;
				DEBUG_INFORMATION_FORMAT = dwarf;
				DEVELOPMENT_TEAM = ZMNRKKR453;
				ENABLE_STRICT_OBJC_MSGSEND = YES;
				ENABLE_TESTABILITY = YES;
				ENABLE_USER_SCRIPT_SANDBOXING = YES;
				GCC_C_LANGUAGE_STANDARD = gnu17;
				GCC_DYNAMIC_NO_PIC = NO;
				GCC_NO_COMMON_BLOCKS = YES;
				GCC_OPTIMIZATION_LEVEL = 0;
				GCC_PREPROCESSOR_DEFINITIONS = (
					"DEBUG=1",
					"$(inherited)",
				);
				GCC_WARN_64_TO_32_BIT_CONVERSION = YES;
				GCC_WARN_ABOUT_RETURN_TYPE = YES_ERROR;
				GCC_WARN_UNDECLARED_SELECTOR = YES;
				GCC_WARN_UNINITIALIZED_AUTOS = YES_AGGRESSIVE;
				GCC_WARN_UNUSED_FUNCTION = YES;
				GCC_WARN_UNUSED_VARIABLE = YES;
				IPHONEOS_DEPLOYMENT_TARGET = 26.0;
				LOCALIZATION_PREFERS_STRING_CATALOGS = YES;
				MTL_ENABLE_DEBUG_INFO = INCLUDE_SOURCE;
				MTL_FAST_MATH = YES;
				ONLY_ACTIVE_ARCH = YES;
				SDKROOT = iphoneos;
				SWIFT_ACTIVE_COMPILATION_CONDITIONS = "DEBUG $(inherited)";
				SWIFT_OPTIMIZATION_LEVEL = "-Onone";
			};
			name = Debug;
		};
		CE484A39301DEBBC00BE987B /* Release */ = {
			isa = XCBuildConfiguration;
			buildSettings = {
				ALWAYS_SEARCH_USER_PATHS = NO;
				ASSETCATALOG_COMPILER_GENERATE_SWIFT_ASSET_SYMBOL_EXTENSIONS = YES;
				CLANG_ANALYZER_NONNULL = YES;
				CLANG_ANALYZER_NUMBER_OBJECT_CONVERSION = YES_AGGRESSIVE;
				CLANG_CXX_LANGUAGE_STANDARD = "gnu++20";
				CLANG_ENABLE_MODULES = YES;
				CLANG_ENABLE_OBJC_ARC = YES;
				CLANG_ENABLE_OBJC_WEAK = YES;
				CLANG_WARN_BLOCK_CAPTURE_AUTORELEASING = YES;
				CLANG_WARN_BOOL_CONVERSION = YES;
				CLANG_WARN_COMMA = YES;
				CLANG_WARN_CONSTANT_CONVERSION = YES;
				CLANG_WARN_DEPRECATED_OBJC_IMPLEMENTATIONS = YES;
				CLANG_WARN_DIRECT_OBJC_ISA_USAGE = YES_ERROR;
				CLANG_WARN_DOCUMENTATION_COMMENTS = YES;
				CLANG_WARN_EMPTY_BODY = YES;
				CLANG_WARN_ENUM_CONVERSION = YES;
				CLANG_WARN_INFINITE_RECURSION = YES;
				CLANG_WARN_INT_CONVERSION = YES;
				CLANG_WARN_NON_LITERAL_NULL_CONVERSION = YES;
				CLANG_WARN_OBJC_IMPLICIT_RETAIN_SELF = YES;
				CLANG_WARN_OBJC_LITERAL_CONVERSION = YES;
				CLANG_WARN_OBJC_ROOT_CLASS = YES_ERROR;
				CLANG_WARN_QUOTED_INCLUDE_IN_FRAMEWORK_HEADER = YES;
				CLANG_WARN_RANGE_LOOP_ANALYSIS = YES;
				CLANG_WARN_STRICT_PROTOTYPES = YES;
				CLANG_WARN_SUSPICIOUS_MOVE = YES;
				CLANG_WARN_UNGUARDED_AVAILABILITY = YES_AGGRESSIVE;
				CLANG_WARN_UNREACHABLE_CODE = YES;
				CLANG_WARN__DUPLICATE_METHOD_MATCH = YES;
				COPY_PHASE_STRIP = NO;
				DEBUG_INFORMATION_FORMAT = "dwarf-with-dsym";
				DEVELOPMENT_TEAM = ZMNRKKR453;
				ENABLE_NS_ASSERTIONS = NO;
				ENABLE_STRICT_OBJC_MSGSEND = YES;
				ENABLE_USER_SCRIPT_SANDBOXING = YES;
				GCC_C_LANGUAGE_STANDARD = gnu17;
				GCC_NO_COMMON_BLOCKS = YES;
				GCC_WARN_64_TO_32_BIT_CONVERSION = YES;
				GCC_WARN_ABOUT_RETURN_TYPE = YES_ERROR;
				GCC_WARN_UNDECLARED_SELECTOR = YES;
				GCC_WARN_UNINITIALIZED_AUTOS = YES_AGGRESSIVE;
				GCC_WARN_UNUSED_FUNCTION = YES;
				GCC_WARN_UNUSED_VARIABLE = YES;
				IPHONEOS_DEPLOYMENT_TARGET = 26.0;
				LOCALIZATION_PREFERS_STRING_CATALOGS = YES;
				MTL_ENABLE_DEBUG_INFO = NO;
				MTL_FAST_MATH = YES;
				SDKROOT = iphoneos;
				SWIFT_COMPILATION_MODE = wholemodule;
				VALIDATE_PRODUCT = YES;
			};
			name = Release;
		};
		CE484A3B301DEBBC00BE987B /* Debug */ = {
			isa = XCBuildConfiguration;
			buildSettings = {
				ASSETCATALOG_COMPILER_APPICON_NAME = AppIcon;
				ASSETCATALOG_COMPILER_GLOBAL_ACCENT_COLOR_NAME = AccentColor;
				CODE_SIGN_STYLE = Automatic;
				CURRENT_PROJECT_VERSION = 1;
				DEVELOPMENT_TEAM = ZMNRKKR453;
				ENABLE_PREVIEWS = YES;
				GENERATE_INFOPLIST_FILE = YES;
				INFOPLIST_KEY_NSLocationWhenInUseUsageDescription = "This app uses your location to save memories.";
				INFOPLIST_KEY_UIApplicationSceneManifest_Generation = YES;
				INFOPLIST_KEY_UIApplicationSupportsIndirectInputEvents = YES;
				INFOPLIST_KEY_UILaunchScreen_Generation = YES;
				INFOPLIST_KEY_UISupportedInterfaceOrientations_iPad = "UIInterfaceOrientationPortrait UIInterfaceOrientationPortraitUpsideDown UIInterfaceOrientationLandscapeLeft UIInterfaceOrientationLandscapeRight";
				INFOPLIST_KEY_UISupportedInterfaceOrientations_iPhone = "UIInterfaceOrientationPortrait UIInterfaceOrientationLandscapeLeft UIInterfaceOrientationLandscapeRight";
				LD_RUNPATH_SEARCH_PATHS = (
					"$(inherited)",
					"@executable_path/Frameworks",
				);
				MARKETING_VERSION = 1.0;
				PRODUCT_BUNDLE_IDENTIFIER = com.damoonsaber.still;
				PRODUCT_NAME = "$(TARGET_NAME)";
				STRING_CATALOG_GENERATE_SYMBOLS = YES;
				SWIFT_APPROACHABLE_CONCURRENCY = YES;
				SWIFT_DEFAULT_ACTOR_ISOLATION = MainActor;
				SWIFT_EMIT_LOC_STRINGS = YES;
				SWIFT_UPCOMING_FEATURE_MEMBER_IMPORT_VISIBILITY = YES;
				SWIFT_VERSION = 5.0;
				TARGETED_DEVICE_FAMILY = "1,2";
			};
			name = Debug;
		};
		CE484A3C301DEBBC00BE987B /* Release */ = {
			isa = XCBuildConfiguration;
			buildSettings = {
				ASSETCATALOG_COMPILER_APPICON_NAME = AppIcon;
				ASSETCATALOG_COMPILER_GLOBAL_ACCENT_COLOR_NAME = AccentColor;
				CODE_SIGN_STYLE = Automatic;
				CURRENT_PROJECT_VERSION = 1;
				DEVELOPMENT_TEAM = ZMNRKKR453;
				ENABLE_PREVIEWS = YES;
				GENERATE_INFOPLIST_FILE = YES;
				INFOPLIST_KEY_NSLocationWhenInUseUsageDescription = "This app uses your location to save memories.";
				INFOPLIST_KEY_UIApplicationSceneManifest_Generation = YES;
				INFOPLIST_KEY_UIApplicationSupportsIndirectInputEvents = YES;
				INFOPLIST_KEY_UILaunchScreen_Generation = YES;
				INFOPLIST_KEY_UISupportedInterfaceOrientations_iPad = "UIInterfaceOrientationPortrait UIInterfaceOrientationPortraitUpsideDown UIInterfaceOrientationLandscapeLeft UIInterfaceOrientationLandscapeRight";
				INFOPLIST_KEY_UISupportedInterfaceOrientations_iPhone = "UIInterfaceOrientationPortrait UIInterfaceOrientationLandscapeLeft UIInterfaceOrientationLandscapeRight";
				LD_RUNPATH_SEARCH_PATHS = (
					"$(inherited)",
					"@executable_path/Frameworks",
				);
				MARKETING_VERSION = 1.0;
				PRODUCT_BUNDLE_IDENTIFIER = com.damoonsaber.still;
				PRODUCT_NAME = "$(TARGET_NAME)";
				STRING_CATALOG_GENERATE_SYMBOLS = YES;
				SWIFT_APPROACHABLE_CONCURRENCY = YES;
				SWIFT_DEFAULT_ACTOR_ISOLATION = MainActor;
				SWIFT_EMIT_LOC_STRINGS = YES;
				SWIFT_UPCOMING_FEATURE_MEMBER_IMPORT_VISIBILITY = YES;
				SWIFT_VERSION = 5.0;
				TARGETED_DEVICE_FAMILY = "1,2";
			};
			name = Release;
		};
/* End XCBuildConfiguration section */

/* Begin XCConfigurationList section */
		CE484A2A301DEBBB00BE987B /* Build configuration list for PBXProject "Still" */ = {
			isa = XCConfigurationList;
			buildConfigurations = (
				CE484A38301DEBBC00BE987B /* Debug */,
				CE484A39301DEBBC00BE987B /* Release */,
			);
			defaultConfigurationIsVisible = 0;
			defaultConfigurationName = Release;
		};
		CE484A3A301DEBBC00BE987B /* Build configuration list for PBXNativeTarget "Still" */ = {
			isa = XCConfigurationList;
			buildConfigurations = (
				CE484A3B301DEBBC00BE987B /* Debug */,
				CE484A3C301DEBBC00BE987B /* Release */,
			);
			defaultConfigurationIsVisible = 0;
			defaultConfigurationName = Release;
		};
/* End XCConfigurationList section */

/* Begin XCRemoteSwiftPackageReference section */
		CEEF23B03021EC2200D75C86 /* XCRemoteSwiftPackageReference "supabase-swift" */ = {
			isa = XCRemoteSwiftPackageReference;
			repositoryURL = "https://github.com/supabase/supabase-swift.git";
			requirement = {
				kind = upToNextMajorVersion;
				minimumVersion = 2.5.1;
			};
		};
/* End XCRemoteSwiftPackageReference section */

/* Begin XCSwiftPackageProductDependency section */
		CEEF23B13021EC2200D75C86 /* Supabase */ = {
			isa = XCSwiftPackageProductDependency;
			package = CEEF23B03021EC2200D75C86 /* XCRemoteSwiftPackageReference "supabase-swift" */;
			productName = Supabase;
		};
/* End XCSwiftPackageProductDependency section */
	};
	rootObject = CE484A27301DEBBB00BE987B /* Project object */;
}
